
Microsoft Visual Studio Solution File, Format Version 12.00
# Visual Studio 2012
Project("{FAE04EC0-301F-11D3-BF4B-00C04F79EFBC}") = "Example", "Example\Example.csproj", "{F77E7052-F971-4E50-A3EB-AF077F6C5D65}"
EndProject
Global
	GlobalSection(SolutionConfigurationPlatforms) = preSolution
		Debug|x86 = Debug|x86
		Release|x86 = Release|x86
	EndGlobalSection
	GlobalSection(ProjectConfigurationPlatforms) = postSolution
		{F77E7052-F971-4E50-A3EB-AF077F6C5D65}.Debug|x86.ActiveCfg = Debug|x86
		{F77E7052-F971-4E50-A3EB-AF077F6C5D65}.Debug|x86.Build.0 = Debug|x86
		{F77E7052-F971-4E50-A3EB-AF077F6C5D65}.Release|x86.ActiveCfg = Release|x86
		{F77E7052-F971-4E50-A3EB-AF077F6C5D65}.Release|x86.Build.0 = Release|x86
	EndGlobalSection
EndGlobal
